version = 1
revision = 1
requires-python = ">=3.13"

[[package]]
name = "hexlet-code"
version = "0.1.0"
source = { editable = "." }
dependencies = [
    { name = "prompt" },
    { name = "pypi" },
]

[package.metadata]
requires-dist = [
    { name = "prompt", specifier = ">=0.4.1" },
    { name = "pypi", specifier = ">=2.1" },
]

[[package]]
name = "prompt"
version = "0.4.1"
source = { registry = "https://pypi.org/simple" }
sdist = { url = "https://files.pythonhosted.org/packages/a6/f1/f550fffbdbe3ca55591d2c34f7d561ee8126a2e4f0b402a84860a31a5f68/prompt-0.4.1.tar.gz", hash = "sha256:8a7694b88f8c65188a983315e72582bf42fcc251b97042be1d2a2ad1aa0ebe0e", size = 6500 }
wheels = [
    { url = "https://files.pythonhosted.org/packages/de/2a/baf04fe6bef0b73666fd891db1c395813ee9691f949ae4b42500dc440adb/prompt-0.4.1-py3-none-any.whl", hash = "sha256:98527de8dc3f0aa29669a39fbffeaf578ba6654dc836f737b6a5c6f9279002b7", size = 7149 },
]

[[package]]
name = "pypi"
version = "2.1"
source = { registry = "https://pypi.org/simple" }
sdist = { url = "https://files.pythonhosted.org/packages/32/d2/8fb6f6a37af408d52dae28b4ff999e0d11b936729661c93d242ffbdb0a77/pypi-2.1.tar.gz", hash = "sha256:f014c87f871c2143ff613d9d13a59cc8ab8309b048754c27da8c58b21de2c10d", size = 997 }
